
Microsoft Visual Studio Solution File, Format Version 12.00
# Visual Studio Version 16
VisualStudioVersion = 16.0.28803.452
MinimumVisualStudioVersion = 10.0.40219.1
Project("{888888A0-9F3D-457C-B088-3A5042F75D52}") = "CodeMapper", "CodeMapper.pyproj", "{3716EEE0-3F46-43B8-AB19-414E4BE5778E}"
EndProject
Global
	GlobalSection(SolutionConfigurationPlatforms) = preSolution
		Debug|Any CPU = Debug|Any CPU
		Release|Any CPU = Release|Any CPU
	EndGlobalSection
	GlobalSection(ProjectConfigurationPlatforms) = postSolution
		{3716EEE0-3F46-43B8-AB19-414E4BE5778E}.Debug|Any CPU.ActiveCfg = Debug|Any CPU
		{3716EEE0-3F46-43B8-AB19-414E4BE5778E}.Release|Any CPU.ActiveCfg = Release|Any CPU
	EndGlobalSection
	GlobalSection(SolutionProperties) = preSolution
		HideSolutionNode = FALSE
	EndGlobalSection
	GlobalSection(ExtensibilityGlobals) = postSolution
		SolutionGuid = {C19EB039-684A-4957-9D1B-C221CAD1AF31}
	EndGlobalSection
EndGlobal
